
Microsoft Visual Studio Solution File, Format Version 12.00
# Visual Studio Version 17
VisualStudioVersion = 17.8.34330.188
MinimumVisualStudioVersion = 10.0.40219.1
Project("{FAE04EC0-301F-11D3-BF4B-00C04F79EFBC}") = "WebApiAspNetCoreDapper", "WebApiAspNetCoreDapper.csproj", "{7AEBB648-2CDE-4FE1-A1CD-7E76785E8EFD}"
EndProject
Global
	GlobalSection(SolutionConfigurationPlatforms) = preSolution
		Debug|Any CPU = Debug|Any CPU
		Release|Any CPU = Release|Any CPU
	EndGlobalSection
	GlobalSection(ProjectConfigurationPlatforms) = postSolution
		{7AEBB648-2CDE-4FE1-A1CD-7E76785E8EFD}.Debug|Any CPU.ActiveCfg = Debug|Any CPU
		{7AEBB648-2CDE-4FE1-A1CD-7E76785E8EFD}.Debug|Any CPU.Build.0 = Debug|Any CPU
		{7AEBB648-2CDE-4FE1-A1CD-7E76785E8EFD}.Release|Any CPU.ActiveCfg = Release|Any CPU
		{7AEBB648-2CDE-4FE1-A1CD-7E76785E8EFD}.Release|Any CPU.Build.0 = Release|Any CPU
	EndGlobalSection
	GlobalSection(SolutionProperties) = preSolution
		HideSolutionNode = FALSE
	EndGlobalSection
	GlobalSection(ExtensibilityGlobals) = postSolution
		SolutionGuid = {7A1E3D88-8940-4522-A7BF-E5C8E50589A6}
	EndGlobalSection
EndGlobal
